<?xml version="1.0" encoding="utf-8"?>
<Project ToolsVersion="4.0" xmlns="http://schemas.microsoft.com/developer/msbuild/2003">
  <ItemGroup>
    <ClCompile Include="Camera.cpp">
      <Filter>Source</Filter>
    </ClCompile>
    <ClCompile Include="Colors.cpp">
      <Filter>Source</Filter>
    </ClCompile>
    <ClCompile Include="main.cpp">
      <Filter>Source</Filter>
    </ClCompile>
    <ClCompile Include="pch.cpp">
      <Filter>Source</Filter>
    </ClCompile>
    <ClCompile Include="TextureAtlas.cpp">
      <Filter>Source</Filter>
    </ClCompile>
    <ClCompile Include="Transform.cpp">
      <Filter>Source</Filter>
    </ClCompile>
    <ClCompile Include="Vertex.cpp">
      <Filter>Source</Filter>
    </ClCompile>
    <ClCompile Include="Application.cpp">
      <Filter>Source\Core</Filter>
    </ClCompile>
    <ClCompile Include="Definitions.cpp">
      <Filter>Source\Core</Filter>
    </ClCompile>
    <ClCompile Include="EventHandler.cpp">
      <Filter>Source\Core</Filter>
    </ClCompile>
    <ClCompile Include="MasterRenderer.cpp">
      <Filter>Source\Core</Filter>
    </ClCompile>
    <ClCompile Include="Window.cpp">
      <Filter>Source\Core</Filter>
    </ClCompile>
    <ClCompile Include="BlockShader.cpp">
      <Filter>Source\Shaders</Filter>
    </ClCompile>
    <ClCompile Include="Shader.cpp">
      <Filter>Source\Shaders</Filter>
    </ClCompile>
    <ClCompile Include="Block.cpp">
      <Filter>Source\World</Filter>
    </ClCompile>
    <ClCompile Include="Chunk.cpp">
      <Filter>Source\World</Filter>
    </ClCompile>
    <ClCompile Include="MapGenerator.cpp">
      <Filter>Source\World</Filter>
    </ClCompile>
    <ClCompile Include="WorldGenerator.cpp">
      <Filter>Source\World</Filter>
    </ClCompile>
    <ClCompile Include="World.cpp">
      <Filter>Source\World</Filter>
    </ClCompile>
  </ItemGroup>
  <ItemGroup>
    <ClInclude Include="Colors.h">
      <Filter>Headers</Filter>
    </ClInclude>
    <ClInclude Include="TextureAtlas.h">
      <Filter>Headers</Filter>
    </ClInclude>
    <ClInclude Include="Transform.h">
      <Filter>Headers</Filter>
    </ClInclude>
    <ClInclude Include="Vertex.h">
      <Filter>Headers</Filter>
    </ClInclude>
    <ClInclude Include="Block.h">
      <Filter>Headers\World</Filter>
    </ClInclude>
    <ClInclude Include="BlockData.h">
      <Filter>Headers\World</Filter>
    </ClInclude>
    <ClInclude Include="Chunk.h">
      <Filter>Headers\World</Filter>
    </ClInclude>
    <ClInclude Include="MapGenerator.h">
      <Filter>Headers\World</Filter>
    </ClInclude>
    <ClInclude Include="World.h">
      <Filter>Headers\World</Filter>
    </ClInclude>
    <ClInclude Include="WorldGenerator.h">
      <Filter>Headers\World</Filter>
    </ClInclude>
    <ClInclude Include="Application.h">
      <Filter>Headers\Core</Filter>
    </ClInclude>
    <ClInclude Include="EventHandler.h">
      <Filter>Headers\Core</Filter>
    </ClInclude>
    <ClInclude Include="MasterRenderer.h">
      <Filter>Headers\Core</Filter>
    </ClInclude>
    <ClInclude Include="Definitions.h">
      <Filter>Headers\Core</Filter>
    </ClInclude>
    <ClInclude Include="BlockShader.h">
      <Filter>Headers\Shaders</Filter>
    </ClInclude>
    <ClInclude Include="Shader.h">
      <Filter>Headers\Shaders</Filter>
    </ClInclude>
    <ClInclude Include="Window.h">
      <Filter>Headers\Core</Filter>
    </ClInclude>
    <ClInclude Include="pch.h">
      <Filter>Headers</Filter>
    </ClInclude>
    <ClInclude Include="Camera.h">
      <Filter>Headers</Filter>
    </ClInclude>
  </ItemGroup>
  <ItemGroup>
    <Image Include="Resources\Textures\cobblestone.png">
      <Filter>Resources\Textures</Filter>
    </Image>
    <Image Include="Resources\Textures\dirt.png">
      <Filter>Resources\Textures</Filter>
    </Image>
    <Image Include="Resources\Textures\grass_block_side.png">
      <Filter>Resources\Textures</Filter>
    </Image>
    <Image Include="Resources\Textures\mock_texture.bmp">
      <Filter>Resources\Textures</Filter>
    </Image>
    <Image Include="Resources\Textures\stone.png">
      <Filter>Resources\Textures</Filter>
    </Image>
    <Image Include="Resources\Textures\textureAtlas.png">
      <Filter>Resources\Textures</Filter>
    </Image>
  </ItemGroup>
  <ItemGroup>
    <None Include="packages.config" />
    <None Include="Resources\Misc\BlockData.json">
      <Filter>Resources\Misc</Filter>
    </None>
    <None Include="Resources\Shaders\chunkShader.frag">
      <Filter>Resources\Shaders</Filter>
    </None>
    <None Include="Resources\Shaders\chunkShader.vert">
      <Filter>Resources\Shaders</Filter>
    </None>
  </ItemGroup>
  <ItemGroup>
    <Filter Include="Headers">
      <UniqueIdentifier>{0a39348a-bd2e-4cd6-9bb2-a741e3645df6}</UniqueIdentifier>
    </Filter>
    <Filter Include="Source">
      <UniqueIdentifier>{e03a97c6-3b98-466c-9b59-53d23faaebf6}</UniqueIdentifier>
    </Filter>
    <Filter Include="Resources">
      <UniqueIdentifier>{0bf69d35-0763-4bd7-bd4c-44d4096c2be0}</UniqueIdentifier>
    </Filter>
    <Filter Include="Resources\Models">
      <UniqueIdentifier>{f2e4aec9-3fb7-465a-9c5c-3e633accd1b4}</UniqueIdentifier>
    </Filter>
    <Filter Include="Resources\Textures">
      <UniqueIdentifier>{ecc3a411-b32a-4506-916a-c7af5081fff7}</UniqueIdentifier>
    </Filter>
    <Filter Include="Resources\Shaders">
      <UniqueIdentifier>{3812058c-9bd2-4bc3-9d9a-3a07524f5958}</UniqueIdentifier>
    </Filter>
    <Filter Include="Resources\Misc">
      <UniqueIdentifier>{00937fd5-eaab-431b-9e27-295875eb51fe}</UniqueIdentifier>
    </Filter>
    <Filter Include="Headers\World">
      <UniqueIdentifier>{cd867e5d-e518-4994-be8c-1be52ea4358e}</UniqueIdentifier>
    </Filter>
    <Filter Include="Headers\Core">
      <UniqueIdentifier>{d49a98ef-729c-453b-8354-748708b2397a}</UniqueIdentifier>
    </Filter>
    <Filter Include="Headers\Shaders">
      <UniqueIdentifier>{62c6f28a-7cf9-449f-95f9-4c23cf12ba28}</UniqueIdentifier>
    </Filter>
    <Filter Include="Source\Core">
      <UniqueIdentifier>{79d3c401-b6ce-4689-99b4-ccc70d7961c8}</UniqueIdentifier>
    </Filter>
    <Filter Include="Source\Shaders">
      <UniqueIdentifier>{61f12091-3783-4125-9343-837e7ad5c8dc}</UniqueIdentifier>
    </Filter>
    <Filter Include="Source\World">
      <UniqueIdentifier>{8f373a6e-77fa-4159-b237-8fd0726db5ea}</UniqueIdentifier>
    </Filter>
  </ItemGroup>
  <ItemGroup>
    <Object Include="Resources\Models\mock_mesh.obj">
      <Filter>Resources\Models</Filter>
    </Object>
  </ItemGroup>
</Project>