<?xml version="1.0" encoding="utf-8"?>
<Project ToolsVersion="4.0" xmlns="http://schemas.microsoft.com/developer/msbuild/2003">
  <ItemGroup>
    <ClCompile Include="Block.cpp">
      <Filter>Source\World</Filter>
    </ClCompile>
    <ClCompile Include="Chunk.cpp">
      <Filter>Source\World</Filter>
    </ClCompile>
    <ClCompile Include="World.cpp">
      <Filter>Source\World</Filter>
    </ClCompile>
    <ClCompile Include="WorldGenerator.cpp">
      <Filter>Source\World</Filter>
    </ClCompile>
    <ClCompile Include="MapGenerator.cpp">
      <Filter>Source\World</Filter>
    </ClCompile>
    <ClCompile Include="LightingShader.cpp">
      <Filter>Source\Rendering\Shaders</Filter>
    </ClCompile>
    <ClCompile Include="BlockShader.cpp">
      <Filter>Source\Rendering\Shaders</Filter>
    </ClCompile>
    <ClCompile Include="RenderQuad.cpp">
      <Filter>Source\Rendering</Filter>
    </ClCompile>
    <ClCompile Include="MasterRenderer.cpp">
      <Filter>Source\Rendering</Filter>
    </ClCompile>
    <ClCompile Include="Window.cpp">
      <Filter>Source\Rendering</Filter>
    </ClCompile>
    <ClCompile Include="Vertex.cpp">
      <Filter>Source\Rendering</Filter>
    </ClCompile>
    <ClCompile Include="TextureAtlas.cpp">
      <Filter>Source\Rendering</Filter>
    </ClCompile>
    <ClCompile Include="Shader.cpp">
      <Filter>Source\Rendering\Shaders</Filter>
    </ClCompile>
    <ClCompile Include="Light.cpp">
      <Filter>Source\Rendering</Filter>
    </ClCompile>
    <ClCompile Include="Colors.cpp">
      <Filter>Source\Rendering</Filter>
    </ClCompile>
    <ClCompile Include="Definitions.cpp">
      <Filter>Source\Core</Filter>
    </ClCompile>
    <ClCompile Include="EventHandler.cpp">
      <Filter>Source\Core</Filter>
    </ClCompile>
    <ClCompile Include="Camera.cpp">
      <Filter>Source\Core</Filter>
    </ClCompile>
    <ClCompile Include="Application.cpp">
      <Filter>Source\Core</Filter>
    </ClCompile>
    <ClCompile Include="main.cpp">
      <Filter>Source\Core</Filter>
    </ClCompile>
    <ClCompile Include="pch.cpp">
      <Filter>Source\Core</Filter>
    </ClCompile>
    <ClCompile Include="GBuffer.cpp">
      <Filter>Source\Rendering</Filter>
    </ClCompile>
    <ClCompile Include="RenderSkybox.cpp">
      <Filter>Source\Rendering</Filter>
    </ClCompile>
    <ClCompile Include="SkyboxShader.cpp">
      <Filter>Source\Rendering\Shaders</Filter>
    </ClCompile>
    <ClCompile Include="Skybox.cpp">
      <Filter>Source\Rendering</Filter>
    </ClCompile>
  </ItemGroup>
  <ItemGroup>
    <ClInclude Include="Block.h">
      <Filter>Headers\World</Filter>
    </ClInclude>
    <ClInclude Include="BlockData.h">
      <Filter>Headers\World</Filter>
    </ClInclude>
    <ClInclude Include="MapGenerator.h">
      <Filter>Headers\World</Filter>
    </ClInclude>
    <ClInclude Include="World.h">
      <Filter>Headers\World</Filter>
    </ClInclude>
    <ClInclude Include="WorldGenerator.h">
      <Filter>Headers\World</Filter>
    </ClInclude>
    <ClInclude Include="RenderQuad.h">
      <Filter>Headers\Rendering</Filter>
    </ClInclude>
    <ClInclude Include="MasterRenderer.h">
      <Filter>Headers\Rendering</Filter>
    </ClInclude>
    <ClInclude Include="BlockShader.h">
      <Filter>Headers\Rendering\Shaders</Filter>
    </ClInclude>
    <ClInclude Include="LightingShader.h">
      <Filter>Headers\Rendering\Shaders</Filter>
    </ClInclude>
    <ClInclude Include="Chunk.h">
      <Filter>Headers\World</Filter>
    </ClInclude>
    <ClInclude Include="Window.h">
      <Filter>Headers\Rendering</Filter>
    </ClInclude>
    <ClInclude Include="Vertex.h">
      <Filter>Headers\Rendering</Filter>
    </ClInclude>
    <ClInclude Include="TextureAtlas.h">
      <Filter>Headers\Rendering</Filter>
    </ClInclude>
    <ClInclude Include="Shader.h">
      <Filter>Headers\Rendering\Shaders</Filter>
    </ClInclude>
    <ClInclude Include="Light.h">
      <Filter>Headers\Rendering</Filter>
    </ClInclude>
    <ClInclude Include="Colors.h">
      <Filter>Headers\Rendering</Filter>
    </ClInclude>
    <ClInclude Include="Application.h">
      <Filter>Headers\Core</Filter>
    </ClInclude>
    <ClInclude Include="Definitions.h">
      <Filter>Headers\Core</Filter>
    </ClInclude>
    <ClInclude Include="Camera.h">
      <Filter>Headers\Core</Filter>
    </ClInclude>
    <ClInclude Include="EventHandler.h">
      <Filter>Headers\Core</Filter>
    </ClInclude>
    <ClInclude Include="pch.h">
      <Filter>Headers\Core</Filter>
    </ClInclude>
    <ClInclude Include="GBuffer.h">
      <Filter>Headers\Rendering</Filter>
    </ClInclude>
    <ClInclude Include="RenderSkybox.h">
      <Filter>Headers\Rendering</Filter>
    </ClInclude>
    <ClInclude Include="SkyboxShader.h">
      <Filter>Headers\Rendering\Shaders</Filter>
    </ClInclude>
    <ClInclude Include="Skybox.h">
      <Filter>Headers\Rendering</Filter>
    </ClInclude>
  </ItemGroup>
  <ItemGroup>
    <Image Include="Resources\Textures\debug.png">
      <Filter>Resources\Textures</Filter>
    </Image>
    <Image Include="Resources\Textures\grass_block_top.png">
      <Filter>Resources\Textures</Filter>
    </Image>
    <Image Include="Resources\Textures\textureAtlas0.bmp">
      <Filter>Resources\Textures</Filter>
    </Image>
    <Image Include="Resources\Textures\textureAtlas0.jpg">
      <Filter>Resources\Textures</Filter>
    </Image>
    <Image Include="Resources\Textures\textureAtlas1.png">
      <Filter>Resources\Textures</Filter>
    </Image>
    <Image Include="Resources\Textures\textureAtlasPrev.bmp">
      <Filter>Resources\Textures</Filter>
    </Image>
    <Image Include="Resources\Textures\textureAtlasPrev.png">
      <Filter>Resources\Textures</Filter>
    </Image>
    <Image Include="Resources\Textures\grass_block_side.png">
      <Filter>Resources\Textures</Filter>
    </Image>
    <Image Include="Resources\Textures\mock_texture.bmp">
      <Filter>Resources\Textures</Filter>
    </Image>
    <Image Include="Resources\Textures\textureAtlas0.png">
      <Filter>Resources\Textures</Filter>
    </Image>
    <Image Include="Resources\Textures\textureAtlas.png">
      <Filter>Resources\Textures</Filter>
    </Image>
    <Image Include="Resources\Textures\stone.png">
      <Filter>Resources\Textures</Filter>
    </Image>
    <Image Include="Resources\Textures\cobblestone.png">
      <Filter>Resources\Textures</Filter>
    </Image>
    <Image Include="Resources\Textures\dirt.png">
      <Filter>Resources\Textures</Filter>
    </Image>
  </ItemGroup>
  <ItemGroup>
    <None Include="Resources\Shaders\chunkShader.vert">
      <Filter>Resources\Shaders</Filter>
    </None>
    <None Include="Resources\Shaders\chunkShader.frag">
      <Filter>Resources\Shaders</Filter>
    </None>
    <None Include="Resources\Shaders\lightingShader.frag">
      <Filter>Resources\Shaders</Filter>
    </None>
    <None Include="Resources\Shaders\lightingShader.vert">
      <Filter>Resources\Shaders</Filter>
    </None>
    <None Include="Resources\Misc\BlockData.json">
      <Filter>Resources\Misc</Filter>
    </None>
    <None Include="packages.config">
      <Filter>Resources\Misc</Filter>
    </None>
    <None Include="Resources\Shaders\skyboxShader.frag">
      <Filter>Resources\Shaders</Filter>
    </None>
    <None Include="Resources\Shaders\skyboxShader.vert">
      <Filter>Resources\Shaders</Filter>
    </None>
  </ItemGroup>
  <ItemGroup>
    <Filter Include="Source">
      <UniqueIdentifier>{f501db8c-c464-46ae-9e20-7e184bc1ba9c}</UniqueIdentifier>
    </Filter>
    <Filter Include="Headers">
      <UniqueIdentifier>{5cb23f85-daa6-41b7-944c-efd7f49e0e99}</UniqueIdentifier>
    </Filter>
    <Filter Include="Resources">
      <UniqueIdentifier>{0bb36708-5a14-4994-b4aa-8f8f0301d1ba}</UniqueIdentifier>
    </Filter>
    <Filter Include="Headers\Rendering">
      <UniqueIdentifier>{64501f2e-fc73-409b-be2c-6cb170f80cfe}</UniqueIdentifier>
    </Filter>
    <Filter Include="Headers\World">
      <UniqueIdentifier>{d2bdd324-4438-4dea-b1ff-c19fa09df61a}</UniqueIdentifier>
    </Filter>
    <Filter Include="Headers\Rendering\Shaders">
      <UniqueIdentifier>{5b6f5e15-c175-4166-9304-b0b5d1fd7617}</UniqueIdentifier>
    </Filter>
    <Filter Include="Source\World">
      <UniqueIdentifier>{0a34086f-e6c5-49d3-80c5-9b4a1f1665aa}</UniqueIdentifier>
    </Filter>
    <Filter Include="Source\Rendering">
      <UniqueIdentifier>{9725ff7e-3804-4446-970e-55f7d4d60ad1}</UniqueIdentifier>
    </Filter>
    <Filter Include="Source\Rendering\Shaders">
      <UniqueIdentifier>{5effa05c-1792-4adc-b331-ca496e714488}</UniqueIdentifier>
    </Filter>
    <Filter Include="Resources\Misc">
      <UniqueIdentifier>{91b6b10b-f4c0-4b94-8f21-c6fb6e280048}</UniqueIdentifier>
    </Filter>
    <Filter Include="Resources\Textures">
      <UniqueIdentifier>{774717b4-0637-4b0c-9465-5682b15d1213}</UniqueIdentifier>
    </Filter>
    <Filter Include="Headers\Core">
      <UniqueIdentifier>{47e984f1-e216-4185-9cd2-de0db13ce2ac}</UniqueIdentifier>
    </Filter>
    <Filter Include="Source\Core">
      <UniqueIdentifier>{7cacc666-4914-4d71-baaa-e9983f84daa6}</UniqueIdentifier>
    </Filter>
    <Filter Include="Resources\Shaders">
      <UniqueIdentifier>{4dac08f8-00f3-416c-9206-95c5ef165162}</UniqueIdentifier>
    </Filter>
  </ItemGroup>
</Project>